
Microsoft Visual Studio Solution File, Format Version 12.00
# Visual Studio Version 16
VisualStudioVersion = 16.0.30711.63
MinimumVisualStudioVersion = 10.0.40219.1
Project("{9A19103F-16F7-4668-BE54-9A1E7A4F7556}") = "Runner", "Runner.csproj", "{1837BB33-4DCF-41C0-B95E-DEC1BE137ACC}"
EndProject
Global
	GlobalSection(SolutionConfigurationPlatforms) = preSolution
		Debug|Any CPU = Debug|Any CPU
		Release|Any CPU = Release|Any CPU
	EndGlobalSection
	GlobalSection(ProjectConfigurationPlatforms) = postSolution
		{1837BB33-4DCF-41C0-B95E-DEC1BE137ACC}.Debug|Any CPU.ActiveCfg = Debug|Any CPU
		{1837BB33-4DCF-41C0-B95E-DEC1BE137ACC}.Debug|Any CPU.Build.0 = Debug|Any CPU
		{1837BB33-4DCF-41C0-B95E-DEC1BE137ACC}.Release|Any CPU.ActiveCfg = Release|Any CPU
		{1837BB33-4DCF-41C0-B95E-DEC1BE137ACC}.Release|Any CPU.Build.0 = Release|Any CPU
	EndGlobalSection
	GlobalSection(SolutionProperties) = preSolution
		HideSolutionNode = FALSE
	EndGlobalSection
	GlobalSection(ExtensibilityGlobals) = postSolution
		SolutionGuid = {7AFB34C3-03CE-4B92-BFF4-662ACA73C85E}
	EndGlobalSection
EndGlobal
